
Microsoft Visual Studio Solution File, Format Version 12.00
# Visual Studio Version 17
VisualStudioVersion = 17.14.36603.0 d17.14
MinimumVisualStudioVersion = 10.0.40219.1
Project("{FAE04EC0-301F-11D3-BF4B-00C04F79EFBC}") = "PAD.Backend", "PAD.Backend\PAD.Backend.csproj", "{EE2A9FF4-E72B-40AE-B67C-1676A56EF9F9}"
EndProject
Global
	GlobalSection(SolutionConfigurationPlatforms) = preSolution
		Debug|Any CPU = Debug|Any CPU
		Release|Any CPU = Release|Any CPU
	EndGlobalSection
	GlobalSection(ProjectConfigurationPlatforms) = postSolution
		{EE2A9FF4-E72B-40AE-B67C-1676A56EF9F9}.Debug|Any CPU.ActiveCfg = Debug|Any CPU
		{EE2A9FF4-E72B-40AE-B67C-1676A56EF9F9}.Debug|Any CPU.Build.0 = Debug|Any CPU
		{EE2A9FF4-E72B-40AE-B67C-1676A56EF9F9}.Release|Any CPU.ActiveCfg = Release|Any CPU
		{EE2A9FF4-E72B-40AE-B67C-1676A56EF9F9}.Release|Any CPU.Build.0 = Release|Any CPU
	EndGlobalSection
	GlobalSection(SolutionProperties) = preSolution
		HideSolutionNode = FALSE
	EndGlobalSection
	GlobalSection(ExtensibilityGlobals) = postSolution
		SolutionGuid = {993A1896-EFF3-4F3C-AEA4-29F7869FDD8C}
	EndGlobalSection
EndGlobal
